// !$*UTF8*$!
{
	archiveVersion = 1;
	classes = {
	};
	objectVersion = 77;
	objects = {

/* Begin PBXContainerItemProxy section */
		2411F22D2E24340A0045641C /* PBXContainerItemProxy */ = {
			isa = PBXContainerItemProxy;
			containerPortal = 2411F2132E24340A0045641C /* Project object */;
			proxyType = 1;
			remoteGlobalIDString = 2411F21A2E24340A0045641C;
			remoteInfo = "Bougie Countdown Clock";
		};
		2411F2372E24340B0045641C /* PBXContainerItemProxy */ = {
			isa = PBXContainerItemProxy;
			containerPortal = 2411F2132E24340A0045641C /* Project object */;
			proxyType = 1;
			remoteGlobalIDString = 2411F21A2E24340A0045641C;
			remoteInfo = "Bougie Countdown Clock";
		};
/* End PBXContainerItemProxy section */

/* Begin PBXFileReference section */
		2411F21B2E24340A0045641C /* Bougie Countdown Clock.app */ = {isa = PBXFileReference; explicitFileType = wrapper.application; includeInIndex = 0; path = "Bougie Countdown Clock.app"; sourceTree = BUILT_PRODUCTS_DIR; };
		2411F22C2E24340A0045641C /* Bougie Countdown ClockTests.xctest */ = {isa = PBXFileReference; explicitFileType = wrapper.cfbundle; includeInIndex = 0; path = "Bougie Countdown ClockTests.xctest"; sourceTree = BUILT_PRODUCTS_DIR; };
		2411F2362E24340B0045641C /* Bougie Countdown ClockUITests.xctest */ = {isa = PBXFileReference; explicitFileType = wrapper.cfbundle; includeInIndex = 0; path = "Bougie Countdown ClockUITests.xctest"; sourceTree = BUILT_PRODUCTS_DIR; };
/* End PBXFileReference section */

/* Begin PBXFileSystemSynchronizedBuildFileExceptionSet section */
		2411F23E2E24340B0045641C /* Exceptions for "Bougie Countdown Clock" folder in "Bougie Countdown Clock" target */ = {
			isa = PBXFileSystemSynchronizedBuildFileExceptionSet;
			membershipExceptions = (
				Info.plist,
			);
			target = 2411F21A2E24340A0045641C /* Bougie Countdown Clock */;
		};
/* End PBXFileSystemSynchronizedBuildFileExceptionSet section */

/* Begin PBXFileSystemSynchronizedRootGroup section */
		2411F21D2E24340A0045641C /* Bougie Countdown Clock */ = {
			isa = PBXFileSystemSynchronizedRootGroup;
			exceptions = (
				2411F23E2E24340B0045641C /* Exceptions for "Bougie Countdown Clock" folder in "Bougie Countdown Clock" target */,
			);
			path = "Bougie Countdown Clock";
			sourceTree = "<group>";
		};
		2411F22F2E24340A0045641C /* Bougie Countdown ClockTests */ = {
			isa = PBXFileSystemSynchronizedRootGroup;
			path = "Bougie Countdown ClockTests";
			sourceTree = "<group>";
		};
		2411F2392E24340B0045641C /* Bougie Countdown ClockUITests */ = {
			isa = PBXFileSystemSynchronizedRootGroup;
			path = "Bougie Countdown ClockUITests";
			sourceTree = "<group>";
		};
/* End PBXFileSystemSynchronizedRootGroup section */

/* Begin PBXFrameworksBuildPhase section */
		2411F2182E24340A0045641C /* Frameworks */ = {
			isa = PBXFrameworksBuildPhase;
			buildActionMask = 2147483647;
			files = (
			);
			runOnlyForDeploymentPostprocessing = 0;
		};
		2411F2292E24340A0045641C /* Frameworks */ = {
			isa = PBXFrameworksBuildPhase;
			buildActionMask = 2147483647;
			files = (
			);
			runOnlyForDeploymentPostprocessing = 0;
		};
		2411F2332E24340B0045641C /* Frameworks */ = {
			isa = PBXFrameworksBuildPhase;
			buildActionMask = 2147483647;
			files = (
			);
			runOnlyForDeploymentPostprocessing = 0;
		};
/* End PBXFrameworksBuildPhase section */

/* Begin PBXGroup section */
		2411F2122E24340A0045641C = {
			isa = PBXGroup;
			children = (
				2411F21D2E24340A0045641C /* Bougie Countdown Clock */,
				2411F22F2E24340A0045641C /* Bougie Countdown ClockTests */,
				2411F2392E24340B0045641C /* Bougie Countdown ClockUITests */,
				2411F21C2E24340A0045641C /* Products */,
			);
			sourceTree = "<group>";
		};
		2411F21C2E24340A0045641C /* Products */ = {
			isa = PBXGroup;
			children = (
				2411F21B2E24340A0045641C /* Bougie Countdown Clock.app */,
				2411F22C2E24340A0045641C /* Bougie Countdown ClockTests.xctest */,
				2411F2362E24340B0045641C /* Bougie Countdown ClockUITests.xctest */,
			);
			name = Products;
			sourceTree = "<group>";
		};
/* End PBXGroup section */

/* Begin PBXNativeTarget section */
		2411F21A2E24340A0045641C /* Bougie Countdown Clock */ = {
			isa = PBXNativeTarget;
			buildConfigurationList = 2411F23F2E24340B0045641C /* Build configuration list for PBXNativeTarget "Bougie Countdown Clock" */;
			buildPhases = (
				2411F2172E24340A0045641C /* Sources */,
				2411F2182E24340A0045641C /* Frameworks */,
				2411F2192E24340A0045641C /* Resources */,
			);
			buildRules = (
			);
			dependencies = (
			);
			fileSystemSynchronizedGroups = (
				2411F21D2E24340A0045641C /* Bougie Countdown Clock */,
			);
			name = "Bougie Countdown Clock";
			packageProductDependencies = (
			);
			productName = "Bougie Countdown Clock";
			productReference = 2411F21B2E24340A0045641C /* Bougie Countdown Clock.app */;
			productType = "com.apple.product-type.application";
		};
		2411F22B2E24340A0045641C /* Bougie Countdown ClockTests */ = {
			isa = PBXNativeTarget;
			buildConfigurationList = 2411F2442E24340B0045641C /* Build configuration list for PBXNativeTarget "Bougie Countdown ClockTests" */;
			buildPhases = (
				2411F2282E24340A0045641C /* Sources */,
				2411F2292E24340A0045641C /* Frameworks */,
				2411F22A2E24340A0045641C /* Resources */,
			);
			buildRules = (
			);
			dependencies = (
				2411F22E2E24340A0045641C /* PBXTargetDependency */,
			);
			fileSystemSynchronizedGroups = (
				2411F22F2E24340A0045641C /* Bougie Countdown ClockTests */,
			);
			name = "Bougie Countdown ClockTests";
			packageProductDependencies = (
			);
			productName = "Bougie Countdown ClockTests";
			productReference = 2411F22C2E24340A0045641C /* Bougie Countdown ClockTests.xctest */;
			productType = "com.apple.product-type.bundle.unit-test";
		};
		2411F2352E24340B0045641C /* Bougie Countdown ClockUITests */ = {
			isa = PBXNativeTarget;
			buildConfigurationList = 2411F2472E24340B0045641C /* Build configuration list for PBXNativeTarget "Bougie Countdown ClockUITests" */;
			buildPhases = (
				2411F2322E24340B0045641C /* Sources */,
				2411F2332E24340B0045641C /* Frameworks */,
				2411F2342E24340B0045641C /* Resources */,
			);
			buildRules = (
			);
			dependencies = (
				2411F2382E24340B0045641C /* PBXTargetDependency */,
			);
			fileSystemSynchronizedGroups = (
				2411F2392E24340B0045641C /* Bougie Countdown ClockUITests */,
			);
			name = "Bougie Countdown ClockUITests";
			packageProductDependencies = (
			);
			productName = "Bougie Countdown ClockUITests";
			productReference = 2411F2362E24340B0045641C /* Bougie Countdown ClockUITests.xctest */;
			productType = "com.apple.product-type.bundle.ui-testing";
		};
/* End PBXNativeTarget section */

/* Begin PBXProject section */
		2411F2132E24340A0045641C /* Project object */ = {
			isa = PBXProject;
			attributes = {
				BuildIndependentTargetsInParallel = 1;
				LastSwiftUpdateCheck = 1640;
				LastUpgradeCheck = 1640;
				TargetAttributes = {
					2411F21A2E24340A0045641C = {
						CreatedOnToolsVersion = 16.4;
					};
					2411F22B2E24340A0045641C = {
						CreatedOnToolsVersion = 16.4;
						TestTargetID = 2411F21A2E24340A0045641C;
					};
					2411F2352E24340B0045641C = {
						CreatedOnToolsVersion = 16.4;
						TestTargetID = 2411F21A2E24340A0045641C;
					};
				};
			};
			buildConfigurationList = 2411F2162E24340A0045641C /* Build configuration list for PBXProject "Bougie Countdown Clock" */;
			developmentRegion = en;
			hasScannedForEncodings = 0;
			knownRegions = (
				en,
				Base,
			);
			mainGroup = 2411F2122E24340A0045641C;
			minimizedProjectReferenceProxies = 1;
			preferredProjectObjectVersion = 77;
			productRefGroup = 2411F21C2E24340A0045641C /* Products */;
			projectDirPath = "";
			projectRoot = "";
			targets = (
				2411F21A2E24340A0045641C /* Bougie Countdown Clock */,
				2411F22B2E24340A0045641C /* Bougie Countdown ClockTests */,
				2411F2352E24340B0045641C /* Bougie Countdown ClockUITests */,
			);
		};
/* End PBXProject section */

/* Begin PBXResourcesBuildPhase section */
		2411F2192E24340A0045641C /* Resources */ = {
			isa = PBXResourcesBuildPhase;
			buildActionMask = 2147483647;
			files = (
			);
			runOnlyForDeploymentPostprocessing = 0;
		};
		2411F22A2E24340A0045641C /* Resources */ = {
			isa = PBXResourcesBuildPhase;
			buildActionMask = 2147483647;
			files = (
			);
			runOnlyForDeploymentPostprocessing = 0;
		};
		2411F2342E24340B0045641C /* Resources */ = {
			isa = PBXResourcesBuildPhase;
			buildActionMask = 2147483647;
			files = (
			);
			runOnlyForDeploymentPostprocessing = 0;
		};
/* End PBXResourcesBuildPhase section */

/* Begin PBXSourcesBuildPhase section */
		2411F2172E24340A0045641C /* Sources */ = {
			isa = PBXSourcesBuildPhase;
			buildActionMask = 2147483647;
			files = (
			);
			runOnlyForDeploymentPostprocessing = 0;
		};
		2411F2282E24340A0045641C /* Sources */ = {
			isa = PBXSourcesBuildPhase;
			buildActionMask = 2147483647;
			files = (
			);
			runOnlyForDeploymentPostprocessing = 0;
		};
		2411F2322E24340B0045641C /* Sources */ = {
			isa = PBXSourcesBuildPhase;
			buildActionMask = 2147483647;
			files = (
			);
			runOnlyForDeploymentPostprocessing = 0;
		};
/* End PBXSourcesBuildPhase section */

/* Begin PBXTargetDependency section */
		2411F22E2E24340A0045641C /* PBXTargetDependency */ = {
			isa = PBXTargetDependency;
			target = 2411F21A2E24340A0045641C /* Bougie Countdown Clock */;
			targetProxy = 2411F22D2E24340A0045641C /* PBXContainerItemProxy */;
		};
		2411F2382E24340B0045641C /* PBXTargetDependency */ = {
			isa = PBXTargetDependency;
			target = 2411F21A2E24340A0045641C /* Bougie Countdown Clock */;
			targetProxy = 2411F2372E24340B0045641C /* PBXContainerItemProxy */;
		};
/* End PBXTargetDependency section */

/* Begin XCBuildConfiguration section */
		2411F2402E24340B0045641C /* Debug */ = {
			isa = XCBuildConfiguration;
			buildSettings = {
				ASSETCATALOG_COMPILER_APPICON_NAME = AppIcon;
				ASSETCATALOG_COMPILER_GLOBAL_ACCENT_COLOR_NAME = AccentColor;
				CODE_SIGN_ENTITLEMENTS = "Bougie Countdown Clock/Bougie_Countdown_Clock.entitlements";
				CODE_SIGN_STYLE = Automatic;
				CURRENT_PROJECT_VERSION = 1;
				DEVELOPMENT_TEAM = 4FV4P73BFT;
				ENABLE_PREVIEWS = YES;
				GENERATE_INFOPLIST_FILE = YES;
				INFOPLIST_FILE = "Bougie Countdown Clock/Info.plist";
				INFOPLIST_KEY_UIApplicationSceneManifest_Generation = YES;
				INFOPLIST_KEY_UIApplicationSupportsIndirectInputEvents = YES;
				INFOPLIST_KEY_UILaunchScreen_Generation = YES;
				INFOPLIST_KEY_UISupportedInterfaceOrientations_iPad = "UIInterfaceOrientationPortrait UIInterfaceOrientationPortraitUpsideDown UIInterfaceOrientationLandscapeLeft UIInterfaceOrientationLandscapeRight";
				INFOPLIST_KEY_UISupportedInterfaceOrientations_iPhone = "UIInterfaceOrientationPortrait UIInterfaceOrientationLandscapeLeft UIInterfaceOrientationLandscapeRight";
				LD_RUNPATH_SEARCH_PATHS = (
					"$(inherited)",
					"@executable_path/Frameworks",
				);
				MARKETING_VERSION = 1.0;
				PRODUCT_BUNDLE_IDENTIFIER = "tomwentworth.Bougie-Countdown-Clock";
				PRODUCT_NAME = "$(TARGET_NAME)";
				SWIFT_EMIT_LOC_STRINGS = YES;
				SWIFT_VERSION = 5.0;
				TARGETED_DEVICE_FAMILY = "1,2";
			};
			name = Debug;
		};
		2411F2412E24340B0045641C /* Release */ = {
			isa = XCBuildConfiguration;
			buildSettings = {
				ASSETCATALOG_COMPILER_APPICON_NAME = AppIcon;
				ASSETCATALOG_COMPILER_GLOBAL_ACCENT_COLOR_NAME = AccentColor;
				CODE_SIGN_ENTITLEMENTS = "Bougie Countdown Clock/Bougie_Countdown_Clock.entitlements";
				CODE_SIGN_STYLE = Automatic;
				CURRENT_PROJECT_VERSION = 1;
				DEVELOPMENT_TEAM = 4FV4P73BFT;
				ENABLE_PREVIEWS = YES;
				GENERATE_INFOPLIST_FILE = YES;
				INFOPLIST_FILE = "Bougie Countdown Clock/Info.plist";
				INFOPLIST_KEY_UIApplicationSceneManifest_Generation = YES;
				INFOPLIST_KEY_UIApplicationSupportsIndirectInputEvents = YES;
				INFOPLIST_KEY_UILaunchScreen_Generation = YES;
				INFOPLIST_KEY_UISupportedInterfaceOrientations_iPad = "UIInterfaceOrientationPortrait UIInterfaceOrientationPortraitUpsideDown UIInterfaceOrientationLandscapeLeft UIInterfaceOrientationLandscapeRight";
				INFOPLIST_KEY_UISupportedInterfaceOrientations_iPhone = "UIInterfaceOrientationPortrait UIInterfaceOrientationLandscapeLeft UIInterfaceOrientationLandscapeRight";
				LD_RUNPATH_SEARCH_PATHS = (
					"$(inherited)",
					"@executable_path/Frameworks",
				);
				MARKETING_VERSION = 1.0;
				PRODUCT_BUNDLE_IDENTIFIER = "tomwentworth.Bougie-Countdown-Clock";
				PRODUCT_NAME = "$(TARGET_NAME)";
				SWIFT_EMIT_LOC_STRINGS = YES;
				SWIFT_VERSION = 5.0;
				TARGETED_DEVICE_FAMILY = "1,2";
			};
			name = Release;
		};
		2411F2422E24340B0045641C /* Debug */ = {
			isa = XCBuildConfiguration;
			buildSettings = {
				ALWAYS_SEARCH_USER_PATHS = NO;
				ASSETCATALOG_COMPILER_GENERATE_SWIFT_ASSET_SYMBOL_EXTENSIONS = YES;
				CLANG_ANALYZER_NONNULL = YES;
				CLANG_ANALYZER_NUMBER_OBJECT_CONVERSION = YES_AGGRESSIVE;
				CLANG_CXX_LANGUAGE_STANDARD = "gnu++20";
				CLANG_ENABLE_MODULES = YES;
				CLANG_ENABLE_OBJC_ARC = YES;
				CLANG_ENABLE_OBJC_WEAK = YES;
				CLANG_WARN_BLOCK_CAPTURE_AUTORELEASING = YES;
				CLANG_WARN_BOOL_CONVERSION = YES;
				CLANG_WARN_COMMA = YES;
				CLANG_WARN_CONSTANT_CONVERSION = YES;
				CLANG_WARN_DEPRECATED_OBJC_IMPLEMENTATIONS = YES;
				CLANG_WARN_DIRECT_OBJC_ISA_USAGE = YES_ERROR;
				CLANG_WARN_DOCUMENTATION_COMMENTS = YES;
				CLANG_WARN_EMPTY_BODY = YES;
				CLANG_WARN_ENUM_CONVERSION = YES;
				CLANG_WARN_INFINITE_RECURSION = YES;
				CLANG_WARN_INT_CONVERSION = YES;
				CLANG_WARN_NON_LITERAL_NULL_CONVERSION = YES;
				CLANG_WARN_OBJC_IMPLICIT_RETAIN_SELF = YES;
				CLANG_WARN_OBJC_LITERAL_CONVERSION = YES;
				CLANG_WARN_OBJC_ROOT_CLASS = YES_ERROR;
				CLANG_WARN_QUOTED_INCLUDE_IN_FRAMEWORK_HEADER = YES;
				CLANG_WARN_RANGE_LOOP_ANALYSIS = YES;
				CLANG_WARN_STRICT_PROTOTYPES = YES;
				CLANG_WARN_SUSPICIOUS_MOVE = YES;
				CLANG_WARN_UNGUARDED_AVAILABILITY = YES_AGGRESSIVE;
				CLANG_WARN_UNREACHABLE_CODE = YES;
				CLANG_WARN__DUPLICATE_METHOD_MATCH = YES;
				COPY_PHASE_STRIP = NO;
				DEBUG_INFORMATION_FORMAT = dwarf;
				DEVELOPMENT_TEAM = 4FV4P73BFT;
				ENABLE_STRICT_OBJC_MSGSEND = YES;
				ENABLE_TESTABILITY = YES;
				ENABLE_USER_SCRIPT_SANDBOXING = YES;
				GCC_C_LANGUAGE_STANDARD = gnu17;
				GCC_DYNAMIC_NO_PIC = NO;
				GCC_NO_COMMON_BLOCKS = YES;
				GCC_OPTIMIZATION_LEVEL = 0;
				GCC_PREPROCESSOR_DEFINITIONS = (
					"DEBUG=1",
					"$(inherited)",
				);
				GCC_WARN_64_TO_32_BIT_CONVERSION = YES;
				GCC_WARN_ABOUT_RETURN_TYPE = YES_ERROR;
				GCC_WARN_UNDECLARED_SELECTOR = YES;
				GCC_WARN_UNINITIALIZED_AUTOS = YES_AGGRESSIVE;
				GCC_WARN_UNUSED_FUNCTION = YES;
				GCC_WARN_UNUSED_VARIABLE = YES;
				IPHONEOS_DEPLOYMENT_TARGET = 18.5;
				LOCALIZATION_PREFERS_STRING_CATALOGS = YES;
				MTL_ENABLE_DEBUG_INFO = INCLUDE_SOURCE;
				MTL_FAST_MATH = YES;
				ONLY_ACTIVE_ARCH = YES;
				SDKROOT = iphoneos;
				SWIFT_ACTIVE_COMPILATION_CONDITIONS = "DEBUG $(inherited)";
				SWIFT_OPTIMIZATION_LEVEL = "-Onone";
			};
			name = Debug;
		};
		2411F2432E24340B0045641C /* Release */ = {
			isa = XCBuildConfiguration;
			buildSettings = {
				ALWAYS_SEARCH_USER_PATHS = NO;
				ASSETCATALOG_COMPILER_GENERATE_SWIFT_ASSET_SYMBOL_EXTENSIONS = YES;
				CLANG_ANALYZER_NONNULL = YES;
				CLANG_ANALYZER_NUMBER_OBJECT_CONVERSION = YES_AGGRESSIVE;
				CLANG_CXX_LANGUAGE_STANDARD = "gnu++20";
				CLANG_ENABLE_MODULES = YES;
				CLANG_ENABLE_OBJC_ARC = YES;
				CLANG_ENABLE_OBJC_WEAK = YES;
				CLANG_WARN_BLOCK_CAPTURE_AUTORELEASING = YES;
				CLANG_WARN_BOOL_CONVERSION = YES;
				CLANG_WARN_COMMA = YES;
				CLANG_WARN_CONSTANT_CONVERSION = YES;
				CLANG_WARN_DEPRECATED_OBJC_IMPLEMENTATIONS = YES;
				CLANG_WARN_DIRECT_OBJC_ISA_USAGE = YES_ERROR;
				CLANG_WARN_DOCUMENTATION_COMMENTS = YES;
				CLANG_WARN_EMPTY_BODY = YES;
				CLANG_WARN_ENUM_CONVERSION = YES;
				CLANG_WARN_INFINITE_RECURSION = YES;
				CLANG_WARN_INT_CONVERSION = YES;
				CLANG_WARN_NON_LITERAL_NULL_CONVERSION = YES;
				CLANG_WARN_OBJC_IMPLICIT_RETAIN_SELF = YES;
				CLANG_WARN_OBJC_LITERAL_CONVERSION = YES;
				CLANG_WARN_OBJC_ROOT_CLASS = YES_ERROR;
				CLANG_WARN_QUOTED_INCLUDE_IN_FRAMEWORK_HEADER = YES;
				CLANG_WARN_RANGE_LOOP_ANALYSIS = YES;
				CLANG_WARN_STRICT_PROTOTYPES = YES;
				CLANG_WARN_SUSPICIOUS_MOVE = YES;
				CLANG_WARN_UNGUARDED_AVAILABILITY = YES_AGGRESSIVE;
				CLANG_WARN_UNREACHABLE_CODE = YES;
				CLANG_WARN__DUPLICATE_METHOD_MATCH = YES;
				COPY_PHASE_STRIP = NO;
				DEBUG_INFORMATION_FORMAT = "dwarf-with-dsym";
				DEVELOPMENT_TEAM = 4FV4P73BFT;
				ENABLE_NS_ASSERTIONS = NO;
				ENABLE_STRICT_OBJC_MSGSEND = YES;
				ENABLE_USER_SCRIPT_SANDBOXING = YES;
				GCC_C_LANGUAGE_STANDARD = gnu17;
				GCC_NO_COMMON_BLOCKS = YES;
				GCC_WARN_64_TO_32_BIT_CONVERSION = YES;
				GCC_WARN_ABOUT_RETURN_TYPE = YES_ERROR;
				GCC_WARN_UNDECLARED_SELECTOR = YES;
				GCC_WARN_UNINITIALIZED_AUTOS = YES_AGGRESSIVE;
				GCC_WARN_UNUSED_FUNCTION = YES;
				GCC_WARN_UNUSED_VARIABLE = YES;
				IPHONEOS_DEPLOYMENT_TARGET = 18.5;
				LOCALIZATION_PREFERS_STRING_CATALOGS = YES;
				MTL_ENABLE_DEBUG_INFO = NO;
				MTL_FAST_MATH = YES;
				SDKROOT = iphoneos;
				SWIFT_COMPILATION_MODE = wholemodule;
				VALIDATE_PRODUCT = YES;
			};
			name = Release;
		};
		2411F2452E24340B0045641C /* Debug */ = {
			isa = XCBuildConfiguration;
			buildSettings = {
				BUNDLE_LOADER = "$(TEST_HOST)";
				CODE_SIGN_STYLE = Automatic;
				CURRENT_PROJECT_VERSION = 1;
				DEVELOPMENT_TEAM = 4FV4P73BFT;
				GENERATE_INFOPLIST_FILE = YES;
				IPHONEOS_DEPLOYMENT_TARGET = 18.5;
				MARKETING_VERSION = 1.0;
				PRODUCT_BUNDLE_IDENTIFIER = "tomwentworth.Bougie-Countdown-ClockTests";
				PRODUCT_NAME = "$(TARGET_NAME)";
				SWIFT_EMIT_LOC_STRINGS = NO;
				SWIFT_VERSION = 5.0;
				TARGETED_DEVICE_FAMILY = "1,2";
				TEST_HOST = "$(BUILT_PRODUCTS_DIR)/Bougie Countdown Clock.app/$(BUNDLE_EXECUTABLE_FOLDER_PATH)/Bougie Countdown Clock";
			};
			name = Debug;
		};
		2411F2462E24340B0045641C /* Release */ = {
			isa = XCBuildConfiguration;
			buildSettings = {
				BUNDLE_LOADER = "$(TEST_HOST)";
				CODE_SIGN_STYLE = Automatic;
				CURRENT_PROJECT_VERSION = 1;
				DEVELOPMENT_TEAM = 4FV4P73BFT;
				GENERATE_INFOPLIST_FILE = YES;
				IPHONEOS_DEPLOYMENT_TARGET = 18.5;
				MARKETING_VERSION = 1.0;
				PRODUCT_BUNDLE_IDENTIFIER = "tomwentworth.Bougie-Countdown-ClockTests";
				PRODUCT_NAME = "$(TARGET_NAME)";
				SWIFT_EMIT_LOC_STRINGS = NO;
				SWIFT_VERSION = 5.0;
				TARGETED_DEVICE_FAMILY = "1,2";
				TEST_HOST = "$(BUILT_PRODUCTS_DIR)/Bougie Countdown Clock.app/$(BUNDLE_EXECUTABLE_FOLDER_PATH)/Bougie Countdown Clock";
			};
			name = Release;
		};
		2411F2482E24340B0045641C /* Debug */ = {
			isa = XCBuildConfiguration;
			buildSettings = {
				CODE_SIGN_STYLE = Automatic;
				CURRENT_PROJECT_VERSION = 1;
				DEVELOPMENT_TEAM = 4FV4P73BFT;
				GENERATE_INFOPLIST_FILE = YES;
				MARKETING_VERSION = 1.0;
				PRODUCT_BUNDLE_IDENTIFIER = "tomwentworth.Bougie-Countdown-ClockUITests";
				PRODUCT_NAME = "$(TARGET_NAME)";
				SWIFT_EMIT_LOC_STRINGS = NO;
				SWIFT_VERSION = 5.0;
				TARGETED_DEVICE_FAMILY = "1,2";
				TEST_TARGET_NAME = "Bougie Countdown Clock";
			};
			name = Debug;
		};
		2411F2492E24340B0045641C /* Release */ = {
			isa = XCBuildConfiguration;
			buildSettings = {
				CODE_SIGN_STYLE = Automatic;
				CURRENT_PROJECT_VERSION = 1;
				DEVELOPMENT_TEAM = 4FV4P73BFT;
				GENERATE_INFOPLIST_FILE = YES;
				MARKETING_VERSION = 1.0;
				PRODUCT_BUNDLE_IDENTIFIER = "tomwentworth.Bougie-Countdown-ClockUITests";
				PRODUCT_NAME = "$(TARGET_NAME)";
				SWIFT_EMIT_LOC_STRINGS = NO;
				SWIFT_VERSION = 5.0;
				TARGETED_DEVICE_FAMILY = "1,2";
				TEST_TARGET_NAME = "Bougie Countdown Clock";
			};
			name = Release;
		};
/* End XCBuildConfiguration section */

/* Begin XCConfigurationList section */
		2411F2162E24340A0045641C /* Build configuration list for PBXProject "Bougie Countdown Clock" */ = {
			isa = XCConfigurationList;
			buildConfigurations = (
				2411F2422E24340B0045641C /* Debug */,
				2411F2432E24340B0045641C /* Release */,
			);
			defaultConfigurationIsVisible = 0;
			defaultConfigurationName = Release;
		};
		2411F23F2E24340B0045641C /* Build configuration list for PBXNativeTarget "Bougie Countdown Clock" */ = {
			isa = XCConfigurationList;
			buildConfigurations = (
				2411F2402E24340B0045641C /* Debug */,
				2411F2412E24340B0045641C /* Release */,
			);
			defaultConfigurationIsVisible = 0;
			defaultConfigurationName = Release;
		};
		2411F2442E24340B0045641C /* Build configuration list for PBXNativeTarget "Bougie Countdown ClockTests" */ = {
			isa = XCConfigurationList;
			buildConfigurations = (
				2411F2452E24340B0045641C /* Debug */,
				2411F2462E24340B0045641C /* Release */,
			);
			defaultConfigurationIsVisible = 0;
			defaultConfigurationName = Release;
		};
		2411F2472E24340B0045641C /* Build configuration list for PBXNativeTarget "Bougie Countdown ClockUITests" */ = {
			isa = XCConfigurationList;
			buildConfigurations = (
				2411F2482E24340B0045641C /* Debug */,
				2411F2492E24340B0045641C /* Release */,
			);
			defaultConfigurationIsVisible = 0;
			defaultConfigurationName = Release;
		};
/* End XCConfigurationList section */
	};
	rootObject = 2411F2132E24340A0045641C /* Project object */;
}
